<?xml version="1.0" encoding="utf-8"?>
<Project ToolsVersion="4.0" xmlns="http://schemas.microsoft.com/developer/msbuild/2003">
  <ItemGroup>
    <Filter Include="Source Files">
      <UniqueIdentifier>{4FC737F1-C7A5-4376-A066-2A32D752A2FF}</UniqueIdentifier>
      <Extensions>cpp;c;cc;cxx;def;odl;idl;hpj;bat;asm;asmx</Extensions>
    </Filter>
    <Filter Include="Header Files">
      <UniqueIdentifier>{93995380-89BD-4b04-88EB-625FBE52EBFB}</UniqueIdentifier>
      <Extensions>h;hh;hpp;hxx;hm;inl;inc;xsd</Extensions>
    </Filter>
    <Filter Include="Resource Files">
      <UniqueIdentifier>{67DA6AB6-F800-4c08-8B7A-83BB121AAD01}</UniqueIdentifier>
      <Extensions>rc;ico;cur;bmp;dlg;rc2;rct;bin;rgs;gif;jpg;jpeg;jpe;resx;tiff;tif;png;wav;mfcribbon-ms</Extensions>
    </Filter>
  </ItemGroup>
  <ItemGroup>
    <Text Include="ReadMe.txt" />
    <Text Include="myinputfile.txt">
      <Filter>Resource Files</Filter>
    </Text>
    <Text Include="inputfile2.txt">
      <Filter>Resource Files</Filter>
    </Text>
    <Text Include="testflashes.txt" />
    <Text Include="testvalve.txt" />
  </ItemGroup>
  <ItemGroup>
    <ClInclude Include="stdafx.h">
      <Filter>Header Files</Filter>
    </ClInclude>
    <ClInclude Include="targetver.h">
      <Filter>Header Files</Filter>
    </ClInclude>
    <ClInclude Include="BaseVariable.h">
      <Filter>Header Files</Filter>
    </ClInclude>
    <ClInclude Include="RealVariable.h">
      <Filter>Header Files</Filter>
    </ClInclude>
    <ClInclude Include="UnitConvertor.h">
      <Filter>Header Files</Filter>
    </ClInclude>
    <ClInclude Include="FSObject.h">
      <Filter>Header Files</Filter>
    </ClInclude>
    <ClInclude Include="Fluid.h">
      <Filter>Header Files</Filter>
    </ClInclude>
    <ClInclude Include="Stream.h">
      <Filter>Header Files</Filter>
    </ClInclude>
    <ClInclude Include="Phase.h">
      <Filter>Header Files</Filter>
    </ClInclude>
    <ClInclude Include="PropPack.h">
      <Filter>Header Files</Filter>
    </ClInclude>
    <ClInclude Include="Solver.h">
      <Filter>Header Files</Filter>
    </ClInclude>
    <ClInclude Include="Ideal.h">
      <Filter>Header Files</Filter>
    </ClInclude>
    <ClInclude Include="RefPropFunctions.h">
      <Filter>Header Files</Filter>
    </ClInclude>
    <ClInclude Include="RefPropPack.h">
      <Filter>Header Files</Filter>
    </ClInclude>
    <ClInclude Include="FlashMethod.h">
      <Filter>Header Files</Filter>
    </ClInclude>
    <ClInclude Include="FlowSheet.h">
      <Filter>Header Files</Filter>
    </ClInclude>
    <ClInclude Include="SimCase.h">
      <Filter>Header Files</Filter>
    </ClInclude>
    <ClInclude Include="CommandInterpreter.h">
      <Filter>Header Files</Filter>
    </ClInclude>
    <ClInclude Include="PropertyCalc.h">
      <Filter>Header Files</Filter>
    </ClInclude>
    <ClInclude Include="MolWtCalc.h">
      <Filter>Header Files</Filter>
    </ClInclude>
    <ClInclude Include="DensityCalc.h">
      <Filter>Header Files</Filter>
    </ClInclude>
    <ClInclude Include="RPMassDensityCalc.h">
      <Filter>Header Files</Filter>
    </ClInclude>
    <ClInclude Include="RPEnergyCalc.h">
      <Filter>Header Files</Filter>
    </ClInclude>
    <ClInclude Include="PropPackBuilder.h">
      <Filter>Header Files</Filter>
    </ClInclude>
    <ClInclude Include="RPManager.h">
      <Filter>Header Files</Filter>
    </ClInclude>
    <ClInclude Include="HandledException.h">
      <Filter>Header Files</Filter>
    </ClInclude>
    <ClInclude Include="ErrorLogger.h">
      <Filter>Header Files</Filter>
    </ClInclude>
    <ClInclude Include="UnitOp.h">
      <Filter>Header Files</Filter>
    </ClInclude>
    <ClInclude Include="Valve.h">
      <Filter>Header Files</Filter>
    </ClInclude>
    <ClInclude Include="SolveStack.h">
      <Filter>Header Files</Filter>
    </ClInclude>
    <ClInclude Include="UnitOpBuilder.h">
      <Filter>Header Files</Filter>
    </ClInclude>
    <ClInclude Include="BridgeFunction.h">
      <Filter>Header Files</Filter>
    </ClInclude>
    <ClInclude Include="ComponentBalance.h">
      <Filter>Header Files</Filter>
    </ClInclude>
    <ClInclude Include="MassMolFlowCalc.h">
      <Filter>Header Files</Filter>
    </ClInclude>
    <ClInclude Include="HeatBalance.h">
      <Filter>Header Files</Filter>
    </ClInclude>
    <ClInclude Include="Heater.h">
      <Filter>Header Files</Filter>
    </ClInclude>
    <ClInclude Include="SimpleResistanceEquation.h">
      <Filter>Header Files</Filter>
    </ClInclude>
    <ClInclude Include="fwStream.h">
      <Filter>Header Files</Filter>
    </ClInclude>
  </ItemGroup>
  <ItemGroup>
    <ClCompile Include="stdafx.cpp">
      <Filter>Source Files</Filter>
    </ClCompile>
    <ClCompile Include="BaseVariable.cpp">
      <Filter>Source Files</Filter>
    </ClCompile>
    <ClCompile Include="RealVariable.cpp">
      <Filter>Source Files</Filter>
    </ClCompile>
    <ClCompile Include="UnitConvertor.cpp">
      <Filter>Source Files</Filter>
    </ClCompile>
    <ClCompile Include="FSObject.cpp">
      <Filter>Source Files</Filter>
    </ClCompile>
    <ClCompile Include="Fluid.cpp">
      <Filter>Source Files</Filter>
    </ClCompile>
    <ClCompile Include="Stream.cpp">
      <Filter>Source Files</Filter>
    </ClCompile>
    <ClCompile Include="Phase.cpp">
      <Filter>Source Files</Filter>
    </ClCompile>
    <ClCompile Include="PropPack.cpp">
      <Filter>Source Files</Filter>
    </ClCompile>
    <ClCompile Include="Solver.cpp">
      <Filter>Source Files</Filter>
    </ClCompile>
    <ClCompile Include="Ideal.cpp">
      <Filter>Source Files</Filter>
    </ClCompile>
    <ClCompile Include="RefPropPack.cpp">
      <Filter>Source Files</Filter>
    </ClCompile>
    <ClCompile Include="FlashMethod.cpp">
      <Filter>Source Files</Filter>
    </ClCompile>
    <ClCompile Include="FlowSheet.cpp">
      <Filter>Source Files</Filter>
    </ClCompile>
    <ClCompile Include="SimCase.cpp">
      <Filter>Source Files</Filter>
    </ClCompile>
    <ClCompile Include="PropPackBuilder.cpp">
      <Filter>Source Files</Filter>
    </ClCompile>
    <ClCompile Include="CommandInterpreter.cpp">
      <Filter>Source Files</Filter>
    </ClCompile>
    <ClCompile Include="PropertyCalc.cpp">
      <Filter>Source Files</Filter>
    </ClCompile>
    <ClCompile Include="MolWtCalc.cpp">
      <Filter>Source Files</Filter>
    </ClCompile>
    <ClCompile Include="DensityCalc.cpp">
      <Filter>Source Files</Filter>
    </ClCompile>
    <ClCompile Include="RPMassDensityCalc.cpp">
      <Filter>Source Files</Filter>
    </ClCompile>
    <ClCompile Include="RPManager.cpp">
      <Filter>Source Files</Filter>
    </ClCompile>
    <ClCompile Include="RPEnergyCalc.cpp">
      <Filter>Source Files</Filter>
    </ClCompile>
    <ClCompile Include="HandledException.cpp">
      <Filter>Source Files</Filter>
    </ClCompile>
    <ClCompile Include="ErrorLogger.cpp">
      <Filter>Source Files</Filter>
    </ClCompile>
    <ClCompile Include="Main.cpp">
      <Filter>Source Files</Filter>
    </ClCompile>
    <ClCompile Include="UnitOp.cpp">
      <Filter>Source Files</Filter>
    </ClCompile>
    <ClCompile Include="Valve.cpp">
      <Filter>Source Files</Filter>
    </ClCompile>
    <ClCompile Include="SolveStack.cpp">
      <Filter>Source Files</Filter>
    </ClCompile>
    <ClCompile Include="UnitOpBuilder.cpp">
      <Filter>Source Files</Filter>
    </ClCompile>
    <ClCompile Include="BridgeFunction.cpp">
      <Filter>Source Files</Filter>
    </ClCompile>
    <ClCompile Include="ComponentBalance.cpp">
      <Filter>Source Files</Filter>
    </ClCompile>
    <ClCompile Include="MassMolFlowCalc.cpp">
      <Filter>Source Files</Filter>
    </ClCompile>
    <ClCompile Include="HeatBalance.cpp">
      <Filter>Source Files</Filter>
    </ClCompile>
    <ClCompile Include="Heater.cpp">
      <Filter>Source Files</Filter>
    </ClCompile>
    <ClCompile Include="SimpleResistanceEquation.cpp">
      <Filter>Source Files</Filter>
    </ClCompile>
    <ClCompile Include="fwStream.cpp">
      <Filter>Source Files</Filter>
    </ClCompile>
  </ItemGroup>
</Project>